
Microsoft Visual Studio Solution File, Format Version 12.00
# Visual Studio 14
VisualStudioVersion = 14.0.23107.0
MinimumVisualStudioVersion = 10.0.40219.1
Project("{FAE04EC0-301F-11D3-BF4B-00C04F79EFBC}") = "MS_NMEAconverter", "MS_NMEAconverter\MS_NMEAconverter.csproj", "{38652F7F-BC46-4A87-812B-96172B422F45}"
EndProject
Global
	GlobalSection(SolutionConfigurationPlatforms) = preSolution
		Debug|Any CPU = Debug|Any CPU
		Release|Any CPU = Release|Any CPU
	EndGlobalSection
	GlobalSection(ProjectConfigurationPlatforms) = postSolution
		{38652F7F-BC46-4A87-812B-96172B422F45}.Debug|Any CPU.ActiveCfg = Debug|Any CPU
		{38652F7F-BC46-4A87-812B-96172B422F45}.Debug|Any CPU.Build.0 = Debug|Any CPU
		{38652F7F-BC46-4A87-812B-96172B422F45}.Release|Any CPU.ActiveCfg = Release|Any CPU
		{38652F7F-BC46-4A87-812B-96172B422F45}.Release|Any CPU.Build.0 = Release|Any CPU
	EndGlobalSection
	GlobalSection(SolutionProperties) = preSolution
		HideSolutionNode = FALSE
	EndGlobalSection
EndGlobal
